
Microsoft Visual Studio Solution File, Format Version 12.00
# Visual Studio Version 17
VisualStudioVersion = 17.11.35312.102
MinimumVisualStudioVersion = 10.0.40219.1
Project("{FAE04EC0-301F-11D3-BF4B-00C04F79EFBC}") = "MovieApp3.Web", "MovieApp3.Web\MovieApp3.Web.csproj", "{2806C847-9859-4938-864C-183B1E2D3E07}"
EndProject
Global
	GlobalSection(SolutionConfigurationPlatforms) = preSolution
		Debug|Any CPU = Debug|Any CPU
		Release|Any CPU = Release|Any CPU
	EndGlobalSection
	GlobalSection(ProjectConfigurationPlatforms) = postSolution
		{2806C847-9859-4938-864C-183B1E2D3E07}.Debug|Any CPU.ActiveCfg = Debug|Any CPU
		{2806C847-9859-4938-864C-183B1E2D3E07}.Debug|Any CPU.Build.0 = Debug|Any CPU
		{2806C847-9859-4938-864C-183B1E2D3E07}.Release|Any CPU.ActiveCfg = Release|Any CPU
		{2806C847-9859-4938-864C-183B1E2D3E07}.Release|Any CPU.Build.0 = Release|Any CPU
	EndGlobalSection
	GlobalSection(SolutionProperties) = preSolution
		HideSolutionNode = FALSE
	EndGlobalSection
	GlobalSection(ExtensibilityGlobals) = postSolution
		SolutionGuid = {2D6B14DD-1B27-4958-AAE6-5FA8C2A72911}
	EndGlobalSection
EndGlobal
